
Microsoft Visual Studio Solution File, Format Version 12.00
# Visual Studio 15
VisualStudioVersion = 15.0.28010.2036
MinimumVisualStudioVersion = 10.0.40219.1
Project("{FAE04EC0-301F-11D3-BF4B-00C04F79EFBC}") = "AlgorithmAnalysis", "AlgorithmAnalysis\AlgorithmAnalysis.csproj", "{6361AF9F-1033-4553-8647-3BAD55E3A421}"
EndProject
Global
	GlobalSection(SolutionConfigurationPlatforms) = preSolution
		Debug|Any CPU = Debug|Any CPU
		Release|Any CPU = Release|Any CPU
	EndGlobalSection
	GlobalSection(ProjectConfigurationPlatforms) = postSolution
		{6361AF9F-1033-4553-8647-3BAD55E3A421}.Debug|Any CPU.ActiveCfg = Debug|Any CPU
		{6361AF9F-1033-4553-8647-3BAD55E3A421}.Debug|Any CPU.Build.0 = Debug|Any CPU
		{6361AF9F-1033-4553-8647-3BAD55E3A421}.Release|Any CPU.ActiveCfg = Release|Any CPU
		{6361AF9F-1033-4553-8647-3BAD55E3A421}.Release|Any CPU.Build.0 = Release|Any CPU
	EndGlobalSection
	GlobalSection(SolutionProperties) = preSolution
		HideSolutionNode = FALSE
	EndGlobalSection
	GlobalSection(ExtensibilityGlobals) = postSolution
		SolutionGuid = {76D8B36C-20AD-4E1A-9311-EB858F088E76}
	EndGlobalSection
EndGlobal
